
Microsoft Visual Studio Solution File, Format Version 12.00
# Visual Studio Version 16
VisualStudioVersion = 16.0.32630.194
MinimumVisualStudioVersion = 10.0.40219.1
Project("{FAE04EC0-301F-11D3-BF4B-00C04F79EFBC}") = "Projectx", "Projectx\Projectx.csproj", "{A59173CA-2467-4966-B867-E7269E06D4FF}"
EndProject
Global
	GlobalSection(SolutionConfigurationPlatforms) = preSolution
		Debug|Any CPU = Debug|Any CPU
		Release|Any CPU = Release|Any CPU
	EndGlobalSection
	GlobalSection(ProjectConfigurationPlatforms) = postSolution
		{A59173CA-2467-4966-B867-E7269E06D4FF}.Debug|Any CPU.ActiveCfg = Debug|Any CPU
		{A59173CA-2467-4966-B867-E7269E06D4FF}.Debug|Any CPU.Build.0 = Debug|Any CPU
		{A59173CA-2467-4966-B867-E7269E06D4FF}.Release|Any CPU.ActiveCfg = Release|Any CPU
		{A59173CA-2467-4966-B867-E7269E06D4FF}.Release|Any CPU.Build.0 = Release|Any CPU
	EndGlobalSection
	GlobalSection(SolutionProperties) = preSolution
		HideSolutionNode = FALSE
	EndGlobalSection
	GlobalSection(ExtensibilityGlobals) = postSolution
		SolutionGuid = {C8918B41-1AA2-4076-970E-587125D4166F}
	EndGlobalSection
EndGlobal
